
Microsoft Visual Studio Solution File, Format Version 12.00
# Visual Studio 15
VisualStudioVersion = 15.0.26430.12
MinimumVisualStudioVersion = 10.0.40219.1
Project("{FAE04EC0-301F-11D3-BF4B-00C04F79EFBC}") = "Sitio", "Sitio\PMMX.Sitio\Sitio.csproj", "{82FC7B78-5EF8-48C1-8327-9B59D8CFA5EC}"
EndProject
Project("{FAE04EC0-301F-11D3-BF4B-00C04F79EFBC}") = "SitioTests", "Sitio\PMMX.SitioTests\SitioTests.csproj", "{9AB78A22-0803-4861-A1DE-C6C86D1EE320}"
EndProject
Project("{FAE04EC0-301F-11D3-BF4B-00C04F79EFBC}") = "PMMX.Infraestructura", "PMMX.Infraestructura\PMMX.Infraestructura.csproj", "{837934E3-EAC8-49B8-896C-A6CF1264210C}"
EndProject
Project("{FAE04EC0-301F-11D3-BF4B-00C04F79EFBC}") = "PMMX.Seguridad", "Seguridad\PMMX.Seguridad\PMMX.Seguridad.csproj", "{05723739-BD43-448B-A60E-188A23A82DF3}"
EndProject
Project("{FAE04EC0-301F-11D3-BF4B-00C04F79EFBC}") = "PMMX.SeguridadTests", "Seguridad\PMMX.SeguridadTests\PMMX.SeguridadTests.csproj", "{21F77279-8203-4B9A-9D40-A31CB0BC761C}"
EndProject
Project("{FAE04EC0-301F-11D3-BF4B-00C04F79EFBC}") = "PMMX.Operaciones", "Operaciones\PMMX.Operaciones\PMMX.Operaciones.csproj", "{88799DD0-162B-4536-99BE-2EAB999F06CE}"
EndProject
Project("{FAE04EC0-301F-11D3-BF4B-00C04F79EFBC}") = "PMMX.OperacionesTests", "Operaciones\PMMX.OperacionesTests\PMMX.OperacionesTests.csproj", "{FD03E877-93FB-4481-AC85-81DB17C32237}"
EndProject
Project("{2150E333-8FDC-42A3-9474-1A3956D46DE8}") = "Sitio", "Sitio", "{DBCBC589-6F2F-425F-AC0D-E8B6064C82E9}"
EndProject
Project("{2150E333-8FDC-42A3-9474-1A3956D46DE8}") = "Seguridad", "Seguridad", "{5922EDA9-9AAD-48CE-BC3A-A40AD83DE8D0}"
EndProject
Project("{2150E333-8FDC-42A3-9474-1A3956D46DE8}") = "Operaciones", "Operaciones", "{887C7ADF-DD8C-4119-B7E2-A6938A343C66}"
EndProject
Project("{FAE04EC0-301F-11D3-BF4B-00C04F79EFBC}") = "PMMX.Modelo", "PMMX.Modelo\PMMX.Modelo.csproj", "{4DED49B0-609A-4BE0-BC3D-DC0D16A0CA8A}"
EndProject
Project("{FAE04EC0-301F-11D3-BF4B-00C04F79EFBC}") = "PMMX.Multimedia", "Multimedia\PMMX.Multimedia\PMMX.Multimedia.csproj", "{E6523638-C794-4570-BC8F-87309ECAAA3B}"
EndProject
Project("{2150E333-8FDC-42A3-9474-1A3956D46DE8}") = "Multimedia", "Multimedia", "{85D2B293-20E4-4136-924A-F775C6A2B47D}"
EndProject
Project("{FAE04EC0-301F-11D3-BF4B-00C04F79EFBC}") = "PMMX.WareHouse", "WareHouse\PMMX.WareHouse\PMMX.WareHouse.csproj", "{B089CAD5-4515-475E-862E-F3A9641F66A4}"
EndProject
Project("{2150E333-8FDC-42A3-9474-1A3956D46DE8}") = "WareHouse", "WareHouse", "{73517B94-DF65-4C80-80D0-0236B96D8693}"
EndProject
Project("{FAE04EC0-301F-11D3-BF4B-00C04F79EFBC}") = "PMMX.WareHouseTests", "WareHouse\PMMX.WareHouseTests\PMMX.WareHouseTests.csproj", "{89700C50-38C1-4B32-80A1-63762F0C7234}"
EndProject
Project("{FAE04EC0-301F-11D3-BF4B-00C04F79EFBC}") = "PMMX.MultimediaTests", "Multimedia\PMMX.MultimediaTests\PMMX.MultimediaTests.csproj", "{4CA49F83-588A-4F26-8BC2-6F97CD30F42C}"
EndProject
Global
	GlobalSection(SolutionConfigurationPlatforms) = preSolution
		Debug|Any CPU = Debug|Any CPU
		Release|Any CPU = Release|Any CPU
	EndGlobalSection
	GlobalSection(ProjectConfigurationPlatforms) = postSolution
		{82FC7B78-5EF8-48C1-8327-9B59D8CFA5EC}.Debug|Any CPU.ActiveCfg = Debug|Any CPU
		{82FC7B78-5EF8-48C1-8327-9B59D8CFA5EC}.Debug|Any CPU.Build.0 = Debug|Any CPU
		{82FC7B78-5EF8-48C1-8327-9B59D8CFA5EC}.Release|Any CPU.ActiveCfg = Release|Any CPU
		{82FC7B78-5EF8-48C1-8327-9B59D8CFA5EC}.Release|Any CPU.Build.0 = Release|Any CPU
		{9AB78A22-0803-4861-A1DE-C6C86D1EE320}.Debug|Any CPU.ActiveCfg = Debug|Any CPU
		{9AB78A22-0803-4861-A1DE-C6C86D1EE320}.Debug|Any CPU.Build.0 = Debug|Any CPU
		{9AB78A22-0803-4861-A1DE-C6C86D1EE320}.Release|Any CPU.ActiveCfg = Release|Any CPU
		{9AB78A22-0803-4861-A1DE-C6C86D1EE320}.Release|Any CPU.Build.0 = Release|Any CPU
		{837934E3-EAC8-49B8-896C-A6CF1264210C}.Debug|Any CPU.ActiveCfg = Debug|Any CPU
		{837934E3-EAC8-49B8-896C-A6CF1264210C}.Debug|Any CPU.Build.0 = Debug|Any CPU
		{837934E3-EAC8-49B8-896C-A6CF1264210C}.Release|Any CPU.ActiveCfg = Release|Any CPU
		{837934E3-EAC8-49B8-896C-A6CF1264210C}.Release|Any CPU.Build.0 = Release|Any CPU
		{05723739-BD43-448B-A60E-188A23A82DF3}.Debug|Any CPU.ActiveCfg = Debug|Any CPU
		{05723739-BD43-448B-A60E-188A23A82DF3}.Debug|Any CPU.Build.0 = Debug|Any CPU
		{05723739-BD43-448B-A60E-188A23A82DF3}.Release|Any CPU.ActiveCfg = Release|Any CPU
		{05723739-BD43-448B-A60E-188A23A82DF3}.Release|Any CPU.Build.0 = Release|Any CPU
		{21F77279-8203-4B9A-9D40-A31CB0BC761C}.Debug|Any CPU.ActiveCfg = Debug|Any CPU
		{21F77279-8203-4B9A-9D40-A31CB0BC761C}.Debug|Any CPU.Build.0 = Debug|Any CPU
		{21F77279-8203-4B9A-9D40-A31CB0BC761C}.Release|Any CPU.ActiveCfg = Release|Any CPU
		{21F77279-8203-4B9A-9D40-A31CB0BC761C}.Release|Any CPU.Build.0 = Release|Any CPU
		{88799DD0-162B-4536-99BE-2EAB999F06CE}.Debug|Any CPU.ActiveCfg = Debug|Any CPU
		{88799DD0-162B-4536-99BE-2EAB999F06CE}.Debug|Any CPU.Build.0 = Debug|Any CPU
		{88799DD0-162B-4536-99BE-2EAB999F06CE}.Release|Any CPU.ActiveCfg = Release|Any CPU
		{88799DD0-162B-4536-99BE-2EAB999F06CE}.Release|Any CPU.Build.0 = Release|Any CPU
		{FD03E877-93FB-4481-AC85-81DB17C32237}.Debug|Any CPU.ActiveCfg = Debug|Any CPU
		{FD03E877-93FB-4481-AC85-81DB17C32237}.Debug|Any CPU.Build.0 = Debug|Any CPU
		{FD03E877-93FB-4481-AC85-81DB17C32237}.Release|Any CPU.ActiveCfg = Release|Any CPU
		{FD03E877-93FB-4481-AC85-81DB17C32237}.Release|Any CPU.Build.0 = Release|Any CPU
		{4DED49B0-609A-4BE0-BC3D-DC0D16A0CA8A}.Debug|Any CPU.ActiveCfg = Debug|Any CPU
		{4DED49B0-609A-4BE0-BC3D-DC0D16A0CA8A}.Debug|Any CPU.Build.0 = Debug|Any CPU
		{4DED49B0-609A-4BE0-BC3D-DC0D16A0CA8A}.Release|Any CPU.ActiveCfg = Release|Any CPU
		{4DED49B0-609A-4BE0-BC3D-DC0D16A0CA8A}.Release|Any CPU.Build.0 = Release|Any CPU
		{E6523638-C794-4570-BC8F-87309ECAAA3B}.Debug|Any CPU.ActiveCfg = Debug|Any CPU
		{E6523638-C794-4570-BC8F-87309ECAAA3B}.Debug|Any CPU.Build.0 = Debug|Any CPU
		{E6523638-C794-4570-BC8F-87309ECAAA3B}.Release|Any CPU.ActiveCfg = Release|Any CPU
		{E6523638-C794-4570-BC8F-87309ECAAA3B}.Release|Any CPU.Build.0 = Release|Any CPU
		{B089CAD5-4515-475E-862E-F3A9641F66A4}.Debug|Any CPU.ActiveCfg = Debug|Any CPU
		{B089CAD5-4515-475E-862E-F3A9641F66A4}.Debug|Any CPU.Build.0 = Debug|Any CPU
		{B089CAD5-4515-475E-862E-F3A9641F66A4}.Release|Any CPU.ActiveCfg = Release|Any CPU
		{B089CAD5-4515-475E-862E-F3A9641F66A4}.Release|Any CPU.Build.0 = Release|Any CPU
		{89700C50-38C1-4B32-80A1-63762F0C7234}.Debug|Any CPU.ActiveCfg = Debug|Any CPU
		{89700C50-38C1-4B32-80A1-63762F0C7234}.Debug|Any CPU.Build.0 = Debug|Any CPU
		{89700C50-38C1-4B32-80A1-63762F0C7234}.Release|Any CPU.ActiveCfg = Release|Any CPU
		{89700C50-38C1-4B32-80A1-63762F0C7234}.Release|Any CPU.Build.0 = Release|Any CPU
		{4CA49F83-588A-4F26-8BC2-6F97CD30F42C}.Debug|Any CPU.ActiveCfg = Debug|Any CPU
		{4CA49F83-588A-4F26-8BC2-6F97CD30F42C}.Debug|Any CPU.Build.0 = Debug|Any CPU
		{4CA49F83-588A-4F26-8BC2-6F97CD30F42C}.Release|Any CPU.ActiveCfg = Release|Any CPU
		{4CA49F83-588A-4F26-8BC2-6F97CD30F42C}.Release|Any CPU.Build.0 = Release|Any CPU
	EndGlobalSection
	GlobalSection(SolutionProperties) = preSolution
		HideSolutionNode = FALSE
	EndGlobalSection
	GlobalSection(NestedProjects) = preSolution
		{82FC7B78-5EF8-48C1-8327-9B59D8CFA5EC} = {DBCBC589-6F2F-425F-AC0D-E8B6064C82E9}
		{9AB78A22-0803-4861-A1DE-C6C86D1EE320} = {DBCBC589-6F2F-425F-AC0D-E8B6064C82E9}
		{05723739-BD43-448B-A60E-188A23A82DF3} = {5922EDA9-9AAD-48CE-BC3A-A40AD83DE8D0}
		{21F77279-8203-4B9A-9D40-A31CB0BC761C} = {5922EDA9-9AAD-48CE-BC3A-A40AD83DE8D0}
		{88799DD0-162B-4536-99BE-2EAB999F06CE} = {887C7ADF-DD8C-4119-B7E2-A6938A343C66}
		{FD03E877-93FB-4481-AC85-81DB17C32237} = {887C7ADF-DD8C-4119-B7E2-A6938A343C66}
		{E6523638-C794-4570-BC8F-87309ECAAA3B} = {85D2B293-20E4-4136-924A-F775C6A2B47D}
		{B089CAD5-4515-475E-862E-F3A9641F66A4} = {73517B94-DF65-4C80-80D0-0236B96D8693}
		{89700C50-38C1-4B32-80A1-63762F0C7234} = {73517B94-DF65-4C80-80D0-0236B96D8693}
		{4CA49F83-588A-4F26-8BC2-6F97CD30F42C} = {85D2B293-20E4-4136-924A-F775C6A2B47D}
	EndGlobalSection
EndGlobal
